github.com/przebro/couchdb v0.0.0-20201229111114-fb6907220a85 h1:d6KdsdrA2cZTSi577wcJTAzdsC7Eu8X9V/nG6Ij4yxk=
github.com/przebro/couchdb v0.0.0-20201229111114-fb6907220a85/go.mod h1:P467SpJeKION0EDVdoLRCdrvxTHeKG4dvfXpcIP6rlw=
github.com/przebro/couchdb v0.0.0-20201231223054-58b67c9b5ef9 h1:0z4p4svK3DeSqLHbrCJgIwlc24cfsi3eoBXp+oYIgKI=
github.com/przebro/couchdb v0.0.0-20201231223054-58b67c9b5ef9/go.mod h1:P467SpJeKION0EDVdoLRCdrvxTHeKG4dvfXpcIP6rlw=
github.com/przebro/couchdb v0.0.0-20210102011516-476be862e21a h1:xMX7iTmNG5MOW4yo1j4eXTR9HJ0HN08WLuSuy8tafNE=
github.com/przebro/couchdb v0.0.0-20210102011516-476be862e21a/go.mod h1:P467SpJeKION0EDVdoLRCdrvxTHeKG4dvfXpcIP6rlw=
github.com/przebro/couchdb v0.0.0-20210102013036-2a2b9ed05742 h1:H8NsSu46EXy+r7H6YkGTvstXn8WoMkqm+5N0y7+r/No=
github.com/przebro/couchdb v0.0.0-20210102013036-2a2b9ed05742/go.mod h1:P467SpJeKION0EDVdoLRCdrvxTHeKG4dvfXpcIP6rlw=
github.com/przebro/databazaar v0.0.0-20201231144619-ffdc9da99ca0 h1:Xza5WIw7SqLcW3F1ZjA8k8MGX+7/zQDcecNCe4gZSyM=
github.com/przebro/databazaar v0.0.0-20201231144619-ffdc9da99ca0/go.mod h1:Q7IUKG8A9EavUvNGyXiWAFC6BECCiuc8A2+qd0KFfP4=
github.com/przebro/databazaar v0.0.0-20201231180640-508687c4ce70 h1:bv62q87La/53bg4poVQmWEUXKheHYTS7NqxcaYRmeoo=
github.com/przebro/databazaar v0.0.0-20201231180640-508687c4ce70/go.mod h1:Q7IUKG8A9EavUvNGyXiWAFC6BECCiuc8A2+qd0KFfP4=
github.com/przebro/databazaar v0.0.0-20201231210428-818487e9e90b h1:ifLrRk83rSwTp020Pyw7fYrrVweQ3OvCFRVm7LPBv3E=
github.com/przebro/databazaar v0.0.0-20201231210428-818487e9e90b/go.mod h1:Q7IUKG8A9EavUvNGyXiWAFC6BECCiuc8A2+qd0KFfP4=
github.com/przebro/databazaar v0.0.0-20201231211151-44e56f50cafa h1:D8wN2KP9sa7DblXoYs3sS/lziyMCSNEpxMAcGc41whg=
github.com/przebro/databazaar v0.0.0-20201231211151-44e56f50cafa/go.mod h1:Q7IUKG8A9EavUvNGyXiWAFC6BECCiuc8A2+qd0KFfP4=
github.com/przebro/databazaar v0.0.0-20210102000057-d1449e7d6cc5 h1:32OJ+++O0DFDkxO0PxXiI6KoDxMmUdpgrkqQvl1X+N4=
github.com/przebro/databazaar v0.0.0-20210102000057-d1449e7d6cc5/go.mod h1:Q7IUKG8A9EavUvNGyXiWAFC6BECCiuc8A2+qd0KFfP4=
