github.com/przebro/couchdb v0.0.0-20210102013036-2a2b9ed05742 h1:H8NsSu46EXy+r7H6YkGTvstXn8WoMkqm+5N0y7+r/No=
github.com/przebro/couchdb v0.0.0-20210102013036-2a2b9ed05742/go.mod h1:P467SpJeKION0EDVdoLRCdrvxTHeKG4dvfXpcIP6rlw=
github.com/przebro/databazaar v0.0.0-20210102000057-d1449e7d6cc5 h1:32OJ+++O0DFDkxO0PxXiI6KoDxMmUdpgrkqQvl1X+N4=
github.com/przebro/databazaar v0.0.0-20210102000057-d1449e7d6cc5/go.mod h1:Q7IUKG8A9EavUvNGyXiWAFC6BECCiuc8A2+qd0KFfP4=
